
Microsoft Visual Studio Solution File, Format Version 12.00
# Visual Studio Version 16
VisualStudioVersion = 16.0.30523.141
MinimumVisualStudioVersion = 10.0.40219.1
Project("{FAE04EC0-301F-11D3-BF4B-00C04F79EFBC}") = "TruequeEc.Android", "TruequeEc\TruequeEc.Android\TruequeEc.Android.csproj", "{8DCD38FE-00BD-4C5F-BEE2-DD1A152FB69A}"
EndProject
Project("{FAE04EC0-301F-11D3-BF4B-00C04F79EFBC}") = "TruequeEc.iOS", "TruequeEc\TruequeEc.iOS\TruequeEc.iOS.csproj", "{8D680CC8-5B3D-4D54-BE6D-CE0C064140AE}"
EndProject
Project("{9A19103F-16F7-4668-BE54-9A1E7A4F7556}") = "TruequeEc", "TruequeEc\TruequeEc\TruequeEc.csproj", "{9C9787DB-72BD-408C-9C4A-43AD53707E5F}"
EndProject
Project("{2150E333-8FDC-42A3-9474-1A3956D46DE8}") = "Solution Items", "Solution Items", "{A14F69AF-F2DC-4C44-B4CB-B3737B4DEC87}"
	ProjectSection(SolutionItems) = preProject
		.editorconfig = .editorconfig
	EndProjectSection
EndProject
Global
	GlobalSection(SolutionConfigurationPlatforms) = preSolution
		Debug|Any CPU = Debug|Any CPU
		Debug|iPhone = Debug|iPhone
		Debug|iPhoneSimulator = Debug|iPhoneSimulator
		Release|Any CPU = Release|Any CPU
		Release|iPhone = Release|iPhone
		Release|iPhoneSimulator = Release|iPhoneSimulator
	EndGlobalSection
	GlobalSection(ProjectConfigurationPlatforms) = postSolution
		{8DCD38FE-00BD-4C5F-BEE2-DD1A152FB69A}.Debug|Any CPU.ActiveCfg = Debug|Any CPU
		{8DCD38FE-00BD-4C5F-BEE2-DD1A152FB69A}.Debug|Any CPU.Build.0 = Debug|Any CPU
		{8DCD38FE-00BD-4C5F-BEE2-DD1A152FB69A}.Debug|Any CPU.Deploy.0 = Debug|Any CPU
		{8DCD38FE-00BD-4C5F-BEE2-DD1A152FB69A}.Debug|iPhone.ActiveCfg = Debug|Any CPU
		{8DCD38FE-00BD-4C5F-BEE2-DD1A152FB69A}.Debug|iPhone.Build.0 = Debug|Any CPU
		{8DCD38FE-00BD-4C5F-BEE2-DD1A152FB69A}.Debug|iPhone.Deploy.0 = Debug|Any CPU
		{8DCD38FE-00BD-4C5F-BEE2-DD1A152FB69A}.Debug|iPhoneSimulator.ActiveCfg = Debug|Any CPU
		{8DCD38FE-00BD-4C5F-BEE2-DD1A152FB69A}.Debug|iPhoneSimulator.Build.0 = Debug|Any CPU
		{8DCD38FE-00BD-4C5F-BEE2-DD1A152FB69A}.Debug|iPhoneSimulator.Deploy.0 = Debug|Any CPU
		{8DCD38FE-00BD-4C5F-BEE2-DD1A152FB69A}.Release|Any CPU.ActiveCfg = Release|Any CPU
		{8DCD38FE-00BD-4C5F-BEE2-DD1A152FB69A}.Release|Any CPU.Build.0 = Release|Any CPU
		{8DCD38FE-00BD-4C5F-BEE2-DD1A152FB69A}.Release|Any CPU.Deploy.0 = Release|Any CPU
		{8DCD38FE-00BD-4C5F-BEE2-DD1A152FB69A}.Release|iPhone.ActiveCfg = Release|Any CPU
		{8DCD38FE-00BD-4C5F-BEE2-DD1A152FB69A}.Release|iPhone.Build.0 = Release|Any CPU
		{8DCD38FE-00BD-4C5F-BEE2-DD1A152FB69A}.Release|iPhone.Deploy.0 = Release|Any CPU
		{8DCD38FE-00BD-4C5F-BEE2-DD1A152FB69A}.Release|iPhoneSimulator.ActiveCfg = Release|Any CPU
		{8DCD38FE-00BD-4C5F-BEE2-DD1A152FB69A}.Release|iPhoneSimulator.Build.0 = Release|Any CPU
		{8DCD38FE-00BD-4C5F-BEE2-DD1A152FB69A}.Release|iPhoneSimulator.Deploy.0 = Release|Any CPU
		{8D680CC8-5B3D-4D54-BE6D-CE0C064140AE}.Debug|Any CPU.ActiveCfg = Debug|iPhone
		{8D680CC8-5B3D-4D54-BE6D-CE0C064140AE}.Debug|Any CPU.Build.0 = Debug|iPhone
		{8D680CC8-5B3D-4D54-BE6D-CE0C064140AE}.Debug|Any CPU.Deploy.0 = Debug|iPhone
		{8D680CC8-5B3D-4D54-BE6D-CE0C064140AE}.Debug|iPhone.ActiveCfg = Debug|iPhone
		{8D680CC8-5B3D-4D54-BE6D-CE0C064140AE}.Debug|iPhone.Build.0 = Debug|iPhone
		{8D680CC8-5B3D-4D54-BE6D-CE0C064140AE}.Debug|iPhone.Deploy.0 = Debug|iPhone
		{8D680CC8-5B3D-4D54-BE6D-CE0C064140AE}.Debug|iPhoneSimulator.ActiveCfg = Debug|iPhoneSimulator
		{8D680CC8-5B3D-4D54-BE6D-CE0C064140AE}.Debug|iPhoneSimulator.Build.0 = Debug|iPhoneSimulator
		{8D680CC8-5B3D-4D54-BE6D-CE0C064140AE}.Debug|iPhoneSimulator.Deploy.0 = Debug|iPhoneSimulator
		{8D680CC8-5B3D-4D54-BE6D-CE0C064140AE}.Release|Any CPU.ActiveCfg = Release|iPhoneSimulator
		{8D680CC8-5B3D-4D54-BE6D-CE0C064140AE}.Release|Any CPU.Build.0 = Release|iPhoneSimulator
		{8D680CC8-5B3D-4D54-BE6D-CE0C064140AE}.Release|Any CPU.Deploy.0 = Release|iPhoneSimulator
		{8D680CC8-5B3D-4D54-BE6D-CE0C064140AE}.Release|iPhone.ActiveCfg = Release|iPhone
		{8D680CC8-5B3D-4D54-BE6D-CE0C064140AE}.Release|iPhone.Build.0 = Release|iPhone
		{8D680CC8-5B3D-4D54-BE6D-CE0C064140AE}.Release|iPhone.Deploy.0 = Release|iPhone
		{8D680CC8-5B3D-4D54-BE6D-CE0C064140AE}.Release|iPhoneSimulator.ActiveCfg = Release|iPhoneSimulator
		{8D680CC8-5B3D-4D54-BE6D-CE0C064140AE}.Release|iPhoneSimulator.Build.0 = Release|iPhoneSimulator
		{8D680CC8-5B3D-4D54-BE6D-CE0C064140AE}.Release|iPhoneSimulator.Deploy.0 = Release|iPhoneSimulator
		{9C9787DB-72BD-408C-9C4A-43AD53707E5F}.Debug|Any CPU.ActiveCfg = Debug|Any CPU
		{9C9787DB-72BD-408C-9C4A-43AD53707E5F}.Debug|Any CPU.Build.0 = Debug|Any CPU
		{9C9787DB-72BD-408C-9C4A-43AD53707E5F}.Debug|Any CPU.Deploy.0 = Debug|Any CPU
		{9C9787DB-72BD-408C-9C4A-43AD53707E5F}.Debug|iPhone.ActiveCfg = Debug|Any CPU
		{9C9787DB-72BD-408C-9C4A-43AD53707E5F}.Debug|iPhone.Build.0 = Debug|Any CPU
		{9C9787DB-72BD-408C-9C4A-43AD53707E5F}.Debug|iPhone.Deploy.0 = Debug|Any CPU
		{9C9787DB-72BD-408C-9C4A-43AD53707E5F}.Debug|iPhoneSimulator.ActiveCfg = Debug|Any CPU
		{9C9787DB-72BD-408C-9C4A-43AD53707E5F}.Debug|iPhoneSimulator.Build.0 = Debug|Any CPU
		{9C9787DB-72BD-408C-9C4A-43AD53707E5F}.Debug|iPhoneSimulator.Deploy.0 = Debug|Any CPU
		{9C9787DB-72BD-408C-9C4A-43AD53707E5F}.Release|Any CPU.ActiveCfg = Release|Any CPU
		{9C9787DB-72BD-408C-9C4A-43AD53707E5F}.Release|Any CPU.Build.0 = Release|Any CPU
		{9C9787DB-72BD-408C-9C4A-43AD53707E5F}.Release|Any CPU.Deploy.0 = Release|Any CPU
		{9C9787DB-72BD-408C-9C4A-43AD53707E5F}.Release|iPhone.ActiveCfg = Release|Any CPU
		{9C9787DB-72BD-408C-9C4A-43AD53707E5F}.Release|iPhone.Build.0 = Release|Any CPU
		{9C9787DB-72BD-408C-9C4A-43AD53707E5F}.Release|iPhone.Deploy.0 = Release|Any CPU
		{9C9787DB-72BD-408C-9C4A-43AD53707E5F}.Release|iPhoneSimulator.ActiveCfg = Release|Any CPU
		{9C9787DB-72BD-408C-9C4A-43AD53707E5F}.Release|iPhoneSimulator.Build.0 = Release|Any CPU
		{9C9787DB-72BD-408C-9C4A-43AD53707E5F}.Release|iPhoneSimulator.Deploy.0 = Release|Any CPU
	EndGlobalSection
	GlobalSection(SolutionProperties) = preSolution
		HideSolutionNode = FALSE
	EndGlobalSection
	GlobalSection(ExtensibilityGlobals) = postSolution
		SolutionGuid = {FF01E4E4-3F27-4D31-B0E8-AD8DEA81749A}
	EndGlobalSection
EndGlobal
